
Microsoft Visual Studio Solution File, Format Version 12.00
# Visual Studio Version 16
VisualStudioVersion = 16.0.34729.46
MinimumVisualStudioVersion = 10.0.40219.1
Project("{FAE04EC0-301F-11D3-BF4B-00C04F79EFBC}") = "BonusProje1", "BonusProje1.csproj", "{D379FC35-1F0B-4A48-8706-1FF9DD140FD9}"
EndProject
Global
	GlobalSection(SolutionConfigurationPlatforms) = preSolution
		Debug|Any CPU = Debug|Any CPU
		Release|Any CPU = Release|Any CPU
	EndGlobalSection
	GlobalSection(ProjectConfigurationPlatforms) = postSolution
		{D379FC35-1F0B-4A48-8706-1FF9DD140FD9}.Debug|Any CPU.ActiveCfg = Debug|Any CPU
		{D379FC35-1F0B-4A48-8706-1FF9DD140FD9}.Debug|Any CPU.Build.0 = Debug|Any CPU
		{D379FC35-1F0B-4A48-8706-1FF9DD140FD9}.Release|Any CPU.ActiveCfg = Release|Any CPU
		{D379FC35-1F0B-4A48-8706-1FF9DD140FD9}.Release|Any CPU.Build.0 = Release|Any CPU
	EndGlobalSection
	GlobalSection(SolutionProperties) = preSolution
		HideSolutionNode = FALSE
	EndGlobalSection
	GlobalSection(ExtensibilityGlobals) = postSolution
		SolutionGuid = {03386614-2181-4D32-9A25-356748477D76}
	EndGlobalSection
EndGlobal
